
Microsoft Visual Studio Solution File, Format Version 12.00
# Visual Studio Version 16
VisualStudioVersion = 16.0.29728.190
MinimumVisualStudioVersion = 10.0.40219.1
Project("{FAE04EC0-301F-11D3-BF4B-00C04F79EFBC}") = "Elegant.Linq", "Elegant.Linq.csproj", "{7415E4B8-9C1A-484B-96A9-251705FCE6F6}"
EndProject
Global
	GlobalSection(SolutionConfigurationPlatforms) = preSolution
		Debug|Any CPU = Debug|Any CPU
		Release|Any CPU = Release|Any CPU
	EndGlobalSection
	GlobalSection(ProjectConfigurationPlatforms) = postSolution
		{7415E4B8-9C1A-484B-96A9-251705FCE6F6}.Debug|Any CPU.ActiveCfg = Debug|Any CPU
		{7415E4B8-9C1A-484B-96A9-251705FCE6F6}.Debug|Any CPU.Build.0 = Debug|Any CPU
		{7415E4B8-9C1A-484B-96A9-251705FCE6F6}.Release|Any CPU.ActiveCfg = Release|Any CPU
		{7415E4B8-9C1A-484B-96A9-251705FCE6F6}.Release|Any CPU.Build.0 = Release|Any CPU
	EndGlobalSection
	GlobalSection(SolutionProperties) = preSolution
		HideSolutionNode = FALSE
	EndGlobalSection
	GlobalSection(ExtensibilityGlobals) = postSolution
		SolutionGuid = {C04E4251-7D51-4FEB-A3B9-C2D86B03FE52}
	EndGlobalSection
EndGlobal
